
Microsoft Visual Studio Solution File, Format Version 12.00
# Visual Studio 15
VisualStudioVersion = 15.0.28307.1169
MinimumVisualStudioVersion = 10.0.40219.1
Project("{FAE04EC0-301F-11D3-BF4B-00C04F79EFBC}") = "PSV1.3.UI.MVC", "..\PSV1.3.UI.MVC\PSV1.3.UI.MVC.csproj", "{488C8E63-2ABD-4218-BDBE-C7BEB6227586}"
EndProject
Global
	GlobalSection(SolutionConfigurationPlatforms) = preSolution
		Debug|Any CPU = Debug|Any CPU
		Release|Any CPU = Release|Any CPU
	EndGlobalSection
	GlobalSection(ProjectConfigurationPlatforms) = postSolution
		{488C8E63-2ABD-4218-BDBE-C7BEB6227586}.Debug|Any CPU.ActiveCfg = Debug|Any CPU
		{488C8E63-2ABD-4218-BDBE-C7BEB6227586}.Debug|Any CPU.Build.0 = Debug|Any CPU
		{488C8E63-2ABD-4218-BDBE-C7BEB6227586}.Release|Any CPU.ActiveCfg = Release|Any CPU
		{488C8E63-2ABD-4218-BDBE-C7BEB6227586}.Release|Any CPU.Build.0 = Release|Any CPU
	EndGlobalSection
	GlobalSection(SolutionProperties) = preSolution
		HideSolutionNode = FALSE
	EndGlobalSection
	GlobalSection(ExtensibilityGlobals) = postSolution
		SolutionGuid = {A319813D-CD69-4EAC-90C7-895DABA91B78}
	EndGlobalSection
EndGlobal
